
Microsoft Visual Studio Solution File, Format Version 12.00
# Visual Studio Version 17
VisualStudioVersion = 17.7.34031.279
MinimumVisualStudioVersion = 10.0.40219.1
Project("{9A19103F-16F7-4668-BE54-9A1E7A4F7556}") = "JetBook", "JetNet\JetBook.csproj", "{6F6549DB-F92F-4CDA-87A6-953EEECF1329}"
EndProject
Project("{9A19103F-16F7-4668-BE54-9A1E7A4F7556}") = "Jet.DataAccess", "Jet.DataAccess\Jet.DataAccess.csproj", "{A367D5F1-E2BD-4686-9615-14C4A8281810}"
EndProject
Project("{9A19103F-16F7-4668-BE54-9A1E7A4F7556}") = "Jet.Models", "Jet.Models\Jet.Models.csproj", "{7F3E2EFA-B5B3-4BF7-B9B0-6E976C79E545}"
EndProject
Project("{9A19103F-16F7-4668-BE54-9A1E7A4F7556}") = "Jet.Utility", "Jet.Utility\Jet.Utility.csproj", "{4DC55231-41D2-406E-BEBC-91291B8A3F12}"
EndProject
Global
	GlobalSection(SolutionConfigurationPlatforms) = preSolution
		Debug|Any CPU = Debug|Any CPU
		Release|Any CPU = Release|Any CPU
	EndGlobalSection
	GlobalSection(ProjectConfigurationPlatforms) = postSolution
		{6F6549DB-F92F-4CDA-87A6-953EEECF1329}.Debug|Any CPU.ActiveCfg = Debug|Any CPU
		{6F6549DB-F92F-4CDA-87A6-953EEECF1329}.Debug|Any CPU.Build.0 = Debug|Any CPU
		{6F6549DB-F92F-4CDA-87A6-953EEECF1329}.Release|Any CPU.ActiveCfg = Release|Any CPU
		{6F6549DB-F92F-4CDA-87A6-953EEECF1329}.Release|Any CPU.Build.0 = Release|Any CPU
		{A367D5F1-E2BD-4686-9615-14C4A8281810}.Debug|Any CPU.ActiveCfg = Debug|Any CPU
		{A367D5F1-E2BD-4686-9615-14C4A8281810}.Debug|Any CPU.Build.0 = Debug|Any CPU
		{A367D5F1-E2BD-4686-9615-14C4A8281810}.Release|Any CPU.ActiveCfg = Release|Any CPU
		{A367D5F1-E2BD-4686-9615-14C4A8281810}.Release|Any CPU.Build.0 = Release|Any CPU
		{7F3E2EFA-B5B3-4BF7-B9B0-6E976C79E545}.Debug|Any CPU.ActiveCfg = Debug|Any CPU
		{7F3E2EFA-B5B3-4BF7-B9B0-6E976C79E545}.Debug|Any CPU.Build.0 = Debug|Any CPU
		{7F3E2EFA-B5B3-4BF7-B9B0-6E976C79E545}.Release|Any CPU.ActiveCfg = Release|Any CPU
		{7F3E2EFA-B5B3-4BF7-B9B0-6E976C79E545}.Release|Any CPU.Build.0 = Release|Any CPU
		{4DC55231-41D2-406E-BEBC-91291B8A3F12}.Debug|Any CPU.ActiveCfg = Debug|Any CPU
		{4DC55231-41D2-406E-BEBC-91291B8A3F12}.Debug|Any CPU.Build.0 = Debug|Any CPU
		{4DC55231-41D2-406E-BEBC-91291B8A3F12}.Release|Any CPU.ActiveCfg = Release|Any CPU
		{4DC55231-41D2-406E-BEBC-91291B8A3F12}.Release|Any CPU.Build.0 = Release|Any CPU
	EndGlobalSection
	GlobalSection(SolutionProperties) = preSolution
		HideSolutionNode = FALSE
	EndGlobalSection
	GlobalSection(ExtensibilityGlobals) = postSolution
		SolutionGuid = {6CA94DDD-E530-40C4-AE67-8D4992BCB6DA}
	EndGlobalSection
EndGlobal
